github.com/go-redis/redis v6.15.2+incompatible h1:9SpNVG76gr6InJGxoZ6IuuxaCOQwDAhzyXg+Bs+0Sb4=
github.com/go-redis/redis v6.15.2+incompatible/go.mod h1:NAIEuMOZ/fxfXJIrKDQDz8wamY7mA7PouImQ2Jvg6kA=
github.com/singcl/go-simple v0.0.0-20180723153429-d7baa159d1b2 h1:rbx6+BqfwYY/FWz2PXDiS+wEUqnfTE0azbEjpJK5nkw=
github.com/singcl/go-simple v0.0.0-20180723153429-d7baa159d1b2/go.mod h1:EgX7wSxs7vcOk+X6yI2SO2hQuyZs6+qH8THzxZELF0M=
